
Microsoft Visual Studio Solution File, Format Version 12.00
# Visual Studio Version 17
VisualStudioVersion = 17.1.32414.318
MinimumVisualStudioVersion = 10.0.40219.1
Project("{FAE04EC0-301F-11D3-BF4B-00C04F79EFBC}") = "MathematicalFunctions", "MathematicalFunctions\MathematicalFunctions.csproj", "{B0B7B3DC-7A15-49AD-B8AC-A02E8A013370}"
EndProject
Global
	GlobalSection(SolutionConfigurationPlatforms) = preSolution
		Debug|Any CPU = Debug|Any CPU
		Release|Any CPU = Release|Any CPU
	EndGlobalSection
	GlobalSection(ProjectConfigurationPlatforms) = postSolution
		{B0B7B3DC-7A15-49AD-B8AC-A02E8A013370}.Debug|Any CPU.ActiveCfg = Debug|Any CPU
		{B0B7B3DC-7A15-49AD-B8AC-A02E8A013370}.Debug|Any CPU.Build.0 = Debug|Any CPU
		{B0B7B3DC-7A15-49AD-B8AC-A02E8A013370}.Release|Any CPU.ActiveCfg = Release|Any CPU
		{B0B7B3DC-7A15-49AD-B8AC-A02E8A013370}.Release|Any CPU.Build.0 = Release|Any CPU
	EndGlobalSection
	GlobalSection(SolutionProperties) = preSolution
		HideSolutionNode = FALSE
	EndGlobalSection
	GlobalSection(ExtensibilityGlobals) = postSolution
		SolutionGuid = {1C0D3403-0ABC-4E8F-A752-8F7B2FAF79E8}
	EndGlobalSection
EndGlobal
